{
  "nodes": {
    "nixpkgs": {
      "locked": {
        "lastModified": 1790822859,
        "narHash": "sha256-69xHQhAeMAD2wDXO7T2pcOZIF9Sga2W+JkmY2a11Ops=",
        "owner": "nixos",
        "repo": "nixpkgs",
        "rev": "c59305bab2065cfecc4944690d9eedbb56f3a9fa",
        "type": "github"
      },
      "original": {
        "owner": "nixos",
        "ref": "nixos-unstable",
        "repo": "nixpkgs",
        "type": "github"
      }
    },
    "nixpkgs-master": {
      "locked": {
        "lastModified": 1791057172,
        "narHash": "sha256-zRkqL8ZDMbkh7DFVrkcpyqcQITmgYQyq4GA4PqHNEYo=",
        "owner": "nixos",
        "repo": "nixpkgs",
        "rev": "03b6fe7f9b247d4c4342a3a9bf8f45efaba3ad08",
        "type": "github"
      },
      "original": {
        "owner": "nixos",
        "ref": "master",
        "repo": "nixpkgs",
        "type": "github"
      }
    },
    "root": {
      "inputs": {
        "nixpkgs": "nixpkgs",
        "nixpkgs-master": "nixpkgs-master"
      }
    }
  },
  "root": "root",
  "version": 7
}
